
Microsoft Visual Studio Solution File, Format Version 12.00
# Visual Studio Version 16
VisualStudioVersion = 16.0.30011.22
MinimumVisualStudioVersion = 10.0.40219.1
Project("{9A19103F-16F7-4668-BE54-9A1E7A4F7556}") = "Ecommerce.DAL", "BoookStoreDatabase2.DAL\Ecommerce.DAL.csproj", "{2BD0EF80-9C16-404B-890C-0553EC2E94D7}"
EndProject
Project("{9A19103F-16F7-4668-BE54-9A1E7A4F7556}") = "Ecommerce.BLL", "BoookStoreDatabase2.BLL\Ecommerce.BLL.csproj", "{D7AE19C9-F3C8-4C7E-844A-B39324AC3E03}"
EndProject
Project("{9A19103F-16F7-4668-BE54-9A1E7A4F7556}") = "ECommerce.WEB", "BoookStoreDatabase2.WEB\ECommerce.WEB.csproj", "{4E7EB36D-CB43-4110-BA55-CB424E0B1F4B}"
EndProject
Project("{FAE04EC0-301F-11D3-BF4B-00C04F79EFBC}") = "ECommerce.Api", "Book-Store-.Net-Core.Api\ECommerce.Api.csproj", "{AB122358-DDFF-41FB-8046-AC73555CE6B0}"
EndProject
Global
	GlobalSection(SolutionConfigurationPlatforms) = preSolution
		Debug|Any CPU = Debug|Any CPU
		Release|Any CPU = Release|Any CPU
	EndGlobalSection
	GlobalSection(ProjectConfigurationPlatforms) = postSolution
		{2BD0EF80-9C16-404B-890C-0553EC2E94D7}.Debug|Any CPU.ActiveCfg = Debug|Any CPU
		{2BD0EF80-9C16-404B-890C-0553EC2E94D7}.Debug|Any CPU.Build.0 = Debug|Any CPU
		{2BD0EF80-9C16-404B-890C-0553EC2E94D7}.Release|Any CPU.ActiveCfg = Release|Any CPU
		{2BD0EF80-9C16-404B-890C-0553EC2E94D7}.Release|Any CPU.Build.0 = Release|Any CPU
		{D7AE19C9-F3C8-4C7E-844A-B39324AC3E03}.Debug|Any CPU.ActiveCfg = Debug|Any CPU
		{D7AE19C9-F3C8-4C7E-844A-B39324AC3E03}.Debug|Any CPU.Build.0 = Debug|Any CPU
		{D7AE19C9-F3C8-4C7E-844A-B39324AC3E03}.Release|Any CPU.ActiveCfg = Release|Any CPU
		{D7AE19C9-F3C8-4C7E-844A-B39324AC3E03}.Release|Any CPU.Build.0 = Release|Any CPU
		{4E7EB36D-CB43-4110-BA55-CB424E0B1F4B}.Debug|Any CPU.ActiveCfg = Debug|Any CPU
		{4E7EB36D-CB43-4110-BA55-CB424E0B1F4B}.Debug|Any CPU.Build.0 = Debug|Any CPU
		{4E7EB36D-CB43-4110-BA55-CB424E0B1F4B}.Release|Any CPU.ActiveCfg = Release|Any CPU
		{4E7EB36D-CB43-4110-BA55-CB424E0B1F4B}.Release|Any CPU.Build.0 = Release|Any CPU
		{AB122358-DDFF-41FB-8046-AC73555CE6B0}.Debug|Any CPU.ActiveCfg = Debug|Any CPU
		{AB122358-DDFF-41FB-8046-AC73555CE6B0}.Debug|Any CPU.Build.0 = Debug|Any CPU
		{AB122358-DDFF-41FB-8046-AC73555CE6B0}.Release|Any CPU.ActiveCfg = Release|Any CPU
		{AB122358-DDFF-41FB-8046-AC73555CE6B0}.Release|Any CPU.Build.0 = Release|Any CPU
	EndGlobalSection
	GlobalSection(SolutionProperties) = preSolution
		HideSolutionNode = FALSE
	EndGlobalSection
	GlobalSection(ExtensibilityGlobals) = postSolution
		SolutionGuid = {B33F71B7-2F83-4447-9C0B-D70E0DA1C90C}
	EndGlobalSection
EndGlobal
